
Microsoft Visual Studio Solution File, Format Version 12.00
# Visual Studio Version 16
VisualStudioVersion = 16.0.30204.135
MinimumVisualStudioVersion = 10.0.40219.1
Project("{8BC9CEB8-8B4A-11D0-8D11-00A0C91BC942}") = "FPS_Maze", "FPS_Maze\FPS_Maze.vcxproj", "{127B816B-6A6B-4340-A2E0-B415458585BD}"
EndProject
Global
	GlobalSection(SolutionConfigurationPlatforms) = preSolution
		Debug|x64 = Debug|x64
		Debug|x86 = Debug|x86
		Release|x64 = Release|x64
		Release|x86 = Release|x86
	EndGlobalSection
	GlobalSection(ProjectConfigurationPlatforms) = postSolution
		{127B816B-6A6B-4340-A2E0-B415458585BD}.Debug|x64.ActiveCfg = Debug|x64
		{127B816B-6A6B-4340-A2E0-B415458585BD}.Debug|x64.Build.0 = Debug|x64
		{127B816B-6A6B-4340-A2E0-B415458585BD}.Debug|x86.ActiveCfg = Debug|Win32
		{127B816B-6A6B-4340-A2E0-B415458585BD}.Debug|x86.Build.0 = Debug|Win32
		{127B816B-6A6B-4340-A2E0-B415458585BD}.Release|x64.ActiveCfg = Release|x64
		{127B816B-6A6B-4340-A2E0-B415458585BD}.Release|x64.Build.0 = Release|x64
		{127B816B-6A6B-4340-A2E0-B415458585BD}.Release|x86.ActiveCfg = Release|Win32
		{127B816B-6A6B-4340-A2E0-B415458585BD}.Release|x86.Build.0 = Release|Win32
	EndGlobalSection
	GlobalSection(SolutionProperties) = preSolution
		HideSolutionNode = FALSE
	EndGlobalSection
	GlobalSection(ExtensibilityGlobals) = postSolution
		SolutionGuid = {2A11BC88-4897-42C7-8CA1-1F7ADE5F7EF0}
	EndGlobalSection
EndGlobal
